// !$*UTF8*$!
{
	archiveVersion = 1;
	classes = {
	};
	objectVersion = 50;
	objects = {

/* Begin PBXBuildFile section */
		5287622F2202107100BDABEC /* AccountViewController.swift in Sources */ = {isa = PBXBuildFile; fileRef = 5287622E2202107100BDABEC /* AccountViewController.swift */; };
		5287623D22024E1F00BDABEC /* OWCollectionViewCell.swift in Sources */ = {isa = PBXBuildFile; fileRef = 5287623C22024E1F00BDABEC /* OWCollectionViewCell.swift */; };
		5287623F220266BB00BDABEC /* ReminderViewController.swift in Sources */ = {isa = PBXBuildFile; fileRef = 5287623E220266BB00BDABEC /* ReminderViewController.swift */; };
		5288B50C220A258B000002C6 /* WebService.swift in Sources */ = {isa = PBXBuildFile; fileRef = 5288B50B220A258B000002C6 /* WebService.swift */; };
		5288B50E220A25C3000002C6 /* OWWebServiceHandler.swift in Sources */ = {isa = PBXBuildFile; fileRef = 5288B50D220A25C3000002C6 /* OWWebServiceHandler.swift */; };
		5292753C220DD0CF009AD6D5 /* TabBarController.swift in Sources */ = {isa = PBXBuildFile; fileRef = 5292753B220DD0CF009AD6D5 /* TabBarController.swift */; };
		529AD0592207C576001BEFC9 /* MyEventsViewController.swift in Sources */ = {isa = PBXBuildFile; fileRef = 529AD0582207C576001BEFC9 /* MyEventsViewController.swift */; };
		529AD05B2207C8BC001BEFC9 /* MyEventsCollectionViewCell.swift in Sources */ = {isa = PBXBuildFile; fileRef = 529AD05A2207C8BC001BEFC9 /* MyEventsCollectionViewCell.swift */; };
		529D9CD82200061F002A3428 /* EventsController.swift in Sources */ = {isa = PBXBuildFile; fileRef = 529D9CD72200061F002A3428 /* EventsController.swift */; };
		52C8020921F9510D00E66A13 /* AppDelegate.swift in Sources */ = {isa = PBXBuildFile; fileRef = 52C8020821F9510D00E66A13 /* AppDelegate.swift */; };
		52C8020E21F9510D00E66A13 /* Main.storyboard in Resources */ = {isa = PBXBuildFile; fileRef = 52C8020C21F9510D00E66A13 /* Main.storyboard */; };
		52C8021121F9510D00E66A13 /* OW_Mobile.xcdatamodeld in Sources */ = {isa = PBXBuildFile; fileRef = 52C8020F21F9510D00E66A13 /* OW_Mobile.xcdatamodeld */; };
		52C8021321F9510F00E66A13 /* Assets.xcassets in Resources */ = {isa = PBXBuildFile; fileRef = 52C8021221F9510F00E66A13 /* Assets.xcassets */; };
		52C8021621F9510F00E66A13 /* LaunchScreen.storyboard in Resources */ = {isa = PBXBuildFile; fileRef = 52C8021421F9510F00E66A13 /* LaunchScreen.storyboard */; };
		52C8022121F9510F00E66A13 /* OW_MobileTests.swift in Sources */ = {isa = PBXBuildFile; fileRef = 52C8022021F9510F00E66A13 /* OW_MobileTests.swift */; };
		52C8022C21F9510F00E66A13 /* OW_MobileUITests.swift in Sources */ = {isa = PBXBuildFile; fileRef = 52C8022B21F9510F00E66A13 /* OW_MobileUITests.swift */; };
		52E18E4021FD3D4F006ED3DA /* LunarEclipse.jpg in Resources */ = {isa = PBXBuildFile; fileRef = 52E18E3F21FD3D4F006ED3DA /* LunarEclipse.jpg */; };
/* End PBXBuildFile section */

/* Begin PBXContainerItemProxy section */
		52C8021D21F9510F00E66A13 /* PBXContainerItemProxy */ = {
			isa = PBXContainerItemProxy;
			containerPortal = 52C801FD21F9510D00E66A13 /* Project object */;
			proxyType = 1;
			remoteGlobalIDString = 52C8020421F9510D00E66A13;
			remoteInfo = OW_Mobile;
		};
		52C8022821F9510F00E66A13 /* PBXContainerItemProxy */ = {
			isa = PBXContainerItemProxy;
			containerPortal = 52C801FD21F9510D00E66A13 /* Project object */;
			proxyType = 1;
			remoteGlobalIDString = 52C8020421F9510D00E66A13;
			remoteInfo = OW_Mobile;
		};
/* End PBXContainerItemProxy section */

/* Begin PBXFileReference section */
		5287622E2202107100BDABEC /* AccountViewController.swift */ = {isa = PBXFileReference; lastKnownFileType = sourcecode.swift; path = AccountViewController.swift; sourceTree = "<group>"; };
		5287623C22024E1F00BDABEC /* OWCollectionViewCell.swift */ = {isa = PBXFileReference; lastKnownFileType = sourcecode.swift; path = OWCollectionViewCell.swift; sourceTree = "<group>"; };
		5287623E220266BB00BDABEC /* ReminderViewController.swift */ = {isa = PBXFileReference; lastKnownFileType = sourcecode.swift; path = ReminderViewController.swift; sourceTree = "<group>"; };
		5288B50B220A258B000002C6 /* WebService.swift */ = {isa = PBXFileReference; lastKnownFileType = sourcecode.swift; path = WebService.swift; sourceTree = "<group>"; };
		5288B50D220A25C3000002C6 /* OWWebServiceHandler.swift */ = {isa = PBXFileReference; lastKnownFileType = sourcecode.swift; path = OWWebServiceHandler.swift; sourceTree = "<group>"; };
		5292753B220DD0CF009AD6D5 /* TabBarController.swift */ = {isa = PBXFileReference; lastKnownFileType = sourcecode.swift; path = TabBarController.swift; sourceTree = "<group>"; };
		529AD0582207C576001BEFC9 /* MyEventsViewController.swift */ = {isa = PBXFileReference; lastKnownFileType = sourcecode.swift; path = MyEventsViewController.swift; sourceTree = "<group>"; };
		529AD05A2207C8BC001BEFC9 /* MyEventsCollectionViewCell.swift */ = {isa = PBXFileReference; lastKnownFileType = sourcecode.swift; path = MyEventsCollectionViewCell.swift; sourceTree = "<group>"; };
		529D9CD72200061F002A3428 /* EventsController.swift */ = {isa = PBXFileReference; lastKnownFileType = sourcecode.swift; path = EventsController.swift; sourceTree = "<group>"; };
		52C8020521F9510D00E66A13 /* OW_Mobile.app */ = {isa = PBXFileReference; explicitFileType = wrapper.application; includeInIndex = 0; path = OW_Mobile.app; sourceTree = BUILT_PRODUCTS_DIR; };
		52C8020821F9510D00E66A13 /* AppDelegate.swift */ = {isa = PBXFileReference; lastKnownFileType = sourcecode.swift; path = AppDelegate.swift; sourceTree = "<group>"; };
		52C8020D21F9510D00E66A13 /* Base */ = {isa = PBXFileReference; lastKnownFileType = file.storyboard; name = Base; path = Base.lproj/Main.storyboard; sourceTree = "<group>"; };
		52C8021021F9510D00E66A13 /* OW_Mobile.xcdatamodel */ = {isa = PBXFileReference; lastKnownFileType = wrapper.xcdatamodel; path = OW_Mobile.xcdatamodel; sourceTree = "<group>"; };
		52C8021221F9510F00E66A13 /* Assets.xcassets */ = {isa = PBXFileReference; lastKnownFileType = folder.assetcatalog; path = Assets.xcassets; sourceTree = "<group>"; };
		52C8021521F9510F00E66A13 /* Base */ = {isa = PBXFileReference; lastKnownFileType = file.storyboard; name = Base; path = Base.lproj/LaunchScreen.storyboard; sourceTree = "<group>"; };
		52C8021721F9510F00E66A13 /* Info.plist */ = {isa = PBXFileReference; lastKnownFileType = text.plist.xml; path = Info.plist; sourceTree = "<group>"; };
		52C8021C21F9510F00E66A13 /* OW_MobileTests.xctest */ = {isa = PBXFileReference; explicitFileType = wrapper.cfbundle; includeInIndex = 0; path = OW_MobileTests.xctest; sourceTree = BUILT_PRODUCTS_DIR; };
		52C8022021F9510F00E66A13 /* OW_MobileTests.swift */ = {isa = PBXFileReference; lastKnownFileType = sourcecode.swift; path = OW_MobileTests.swift; sourceTree = "<group>"; };
		52C8022221F9510F00E66A13 /* Info.plist */ = {isa = PBXFileReference; lastKnownFileType = text.plist.xml; path = Info.plist; sourceTree = "<group>"; };
		52C8022721F9510F00E66A13 /* OW_MobileUITests.xctest */ = {isa = PBXFileReference; explicitFileType = wrapper.cfbundle; includeInIndex = 0; path = OW_MobileUITests.xctest; sourceTree = BUILT_PRODUCTS_DIR; };
		52C8022B21F9510F00E66A13 /* OW_MobileUITests.swift */ = {isa = PBXFileReference; lastKnownFileType = sourcecode.swift; path = OW_MobileUITests.swift; sourceTree = "<group>"; };
		52C8022D21F9510F00E66A13 /* Info.plist */ = {isa = PBXFileReference; lastKnownFileType = text.plist.xml; path = Info.plist; sourceTree = "<group>"; };
		52E18E3F21FD3D4F006ED3DA /* LunarEclipse.jpg */ = {isa = PBXFileReference; lastKnownFileType = image.jpeg; path = LunarEclipse.jpg; sourceTree = "<group>"; };
/* End PBXFileReference section */

/* Begin PBXFrameworksBuildPhase section */
		52C8020221F9510D00E66A13 /* Frameworks */ = {
			isa = PBXFrameworksBuildPhase;
			buildActionMask = 2147483647;
			files = (
			);
			runOnlyForDeploymentPostprocessing = 0;
		};
		52C8021921F9510F00E66A13 /* Frameworks */ = {
			isa = PBXFrameworksBuildPhase;
			buildActionMask = 2147483647;
			files = (
			);
			runOnlyForDeploymentPostprocessing = 0;
		};
		52C8022421F9510F00E66A13 /* Frameworks */ = {
			isa = PBXFrameworksBuildPhase;
			buildActionMask = 2147483647;
			files = (
			);
			runOnlyForDeploymentPostprocessing = 0;
		};
/* End PBXFrameworksBuildPhase section */

/* Begin PBXGroup section */
		5288B50F220A260B000002C6 /* OW Images */ = {
			isa = PBXGroup;
			children = (
			);
			path = "OW Images";
			sourceTree = "<group>";
		};
		529D9CD221FF87BB002A3428 /* Model */ = {
			isa = PBXGroup;
			children = (
				5288B50B220A258B000002C6 /* WebService.swift */,
			);
			path = Model;
			sourceTree = "<group>";
		};
		529D9CD321FF87C2002A3428 /* View */ = {
			isa = PBXGroup;
			children = (
				52C8020C21F9510D00E66A13 /* Main.storyboard */,
				52C8021421F9510F00E66A13 /* LaunchScreen.storyboard */,
			);
			path = View;
			sourceTree = "<group>";
		};
		529D9CD421FF87DE002A3428 /* Controller */ = {
			isa = PBXGroup;
			children = (
				5292753B220DD0CF009AD6D5 /* TabBarController.swift */,
				529AD0582207C576001BEFC9 /* MyEventsViewController.swift */,
				529AD05A2207C8BC001BEFC9 /* MyEventsCollectionViewCell.swift */,
				5287622E2202107100BDABEC /* AccountViewController.swift */,
				5287623E220266BB00BDABEC /* ReminderViewController.swift */,
			);
			path = Controller;
			sourceTree = "<group>";
		};
		52C801FC21F9510D00E66A13 = {
			isa = PBXGroup;
			children = (
				52C8020721F9510D00E66A13 /* OW_Mobile */,
				52C8021F21F9510F00E66A13 /* OW_MobileTests */,
				52C8022A21F9510F00E66A13 /* OW_MobileUITests */,
				52C8020621F9510D00E66A13 /* Products */,
			);
			sourceTree = "<group>";
		};
		52C8020621F9510D00E66A13 /* Products */ = {
			isa = PBXGroup;
			children = (
				52C8020521F9510D00E66A13 /* OW_Mobile.app */,
				52C8021C21F9510F00E66A13 /* OW_MobileTests.xctest */,
				52C8022721F9510F00E66A13 /* OW_MobileUITests.xctest */,
			);
			name = Products;
			sourceTree = "<group>";
		};
		52C8020721F9510D00E66A13 /* OW_Mobile */ = {
			isa = PBXGroup;
			children = (
				52C8020821F9510D00E66A13 /* AppDelegate.swift */,
				529D9CD221FF87BB002A3428 /* Model */,
				529D9CD321FF87C2002A3428 /* View */,
				529D9CD421FF87DE002A3428 /* Controller */,
				52FF339D220F4BAB00A2AC11 /* Unneeded? */,
				52C8021221F9510F00E66A13 /* Assets.xcassets */,
				5288B50F220A260B000002C6 /* OW Images */,
				52C8021721F9510F00E66A13 /* Info.plist */,
				52C8020F21F9510D00E66A13 /* OW_Mobile.xcdatamodeld */,
				52E18E3F21FD3D4F006ED3DA /* LunarEclipse.jpg */,
			);
			path = OW_Mobile;
			sourceTree = "<group>";
		};
		52C8021F21F9510F00E66A13 /* OW_MobileTests */ = {
			isa = PBXGroup;
			children = (
				52C8022021F9510F00E66A13 /* OW_MobileTests.swift */,
				52C8022221F9510F00E66A13 /* Info.plist */,
			);
			path = OW_MobileTests;
			sourceTree = "<group>";
		};
		52C8022A21F9510F00E66A13 /* OW_MobileUITests */ = {
			isa = PBXGroup;
			children = (
				52C8022B21F9510F00E66A13 /* OW_MobileUITests.swift */,
				52C8022D21F9510F00E66A13 /* Info.plist */,
			);
			path = OW_MobileUITests;
			sourceTree = "<group>";
		};
		52FF339D220F4BAB00A2AC11 /* Unneeded? */ = {
			isa = PBXGroup;
			children = (
				529D9CD72200061F002A3428 /* EventsController.swift */,
				5288B50D220A25C3000002C6 /* OWWebServiceHandler.swift */,
				5287623C22024E1F00BDABEC /* OWCollectionViewCell.swift */,
			);
			path = "Unneeded?";
			sourceTree = "<group>";
		};
/* End PBXGroup section */

/* Begin PBXNativeTarget section */
		52C8020421F9510D00E66A13 /* OW_Mobile */ = {
			isa = PBXNativeTarget;
			buildConfigurationList = 52C8023021F9510F00E66A13 /* Build configuration list for PBXNativeTarget "OW_Mobile" */;
			buildPhases = (
				52C8020121F9510D00E66A13 /* Sources */,
				52C8020221F9510D00E66A13 /* Frameworks */,
				52C8020321F9510D00E66A13 /* Resources */,
			);
			buildRules = (
			);
			dependencies = (
			);
			name = OW_Mobile;
			productName = OW_Mobile;
			productReference = 52C8020521F9510D00E66A13 /* OW_Mobile.app */;
			productType = "com.apple.product-type.application";
		};
		52C8021B21F9510F00E66A13 /* OW_MobileTests */ = {
			isa = PBXNativeTarget;
			buildConfigurationList = 52C8023321F9510F00E66A13 /* Build configuration list for PBXNativeTarget "OW_MobileTests" */;
			buildPhases = (
				52C8021821F9510F00E66A13 /* Sources */,
				52C8021921F9510F00E66A13 /* Frameworks */,
				52C8021A21F9510F00E66A13 /* Resources */,
			);
			buildRules = (
			);
			dependencies = (
				52C8021E21F9510F00E66A13 /* PBXTargetDependency */,
			);
			name = OW_MobileTests;
			productName = OW_MobileTests;
			productReference = 52C8021C21F9510F00E66A13 /* OW_MobileTests.xctest */;
			productType = "com.apple.product-type.bundle.unit-test";
		};
		52C8022621F9510F00E66A13 /* OW_MobileUITests */ = {
			isa = PBXNativeTarget;
			buildConfigurationList = 52C8023621F9510F00E66A13 /* Build configuration list for PBXNativeTarget "OW_MobileUITests" */;
			buildPhases = (
				52C8022321F9510F00E66A13 /* Sources */,
				52C8022421F9510F00E66A13 /* Frameworks */,
				52C8022521F9510F00E66A13 /* Resources */,
			);
			buildRules = (
			);
			dependencies = (
				52C8022921F9510F00E66A13 /* PBXTargetDependency */,
			);
			name = OW_MobileUITests;
			productName = OW_MobileUITests;
			productReference = 52C8022721F9510F00E66A13 /* OW_MobileUITests.xctest */;
			productType = "com.apple.product-type.bundle.ui-testing";
		};
/* End PBXNativeTarget section */

/* Begin PBXProject section */
		52C801FD21F9510D00E66A13 /* Project object */ = {
			isa = PBXProject;
			attributes = {
				LastSwiftUpdateCheck = 1010;
				LastUpgradeCheck = 1010;
				ORGANIZATIONNAME = "John Grismore";
				TargetAttributes = {
					52C8020421F9510D00E66A13 = {
						CreatedOnToolsVersion = 10.1;
					};
					52C8021B21F9510F00E66A13 = {
						CreatedOnToolsVersion = 10.1;
						TestTargetID = 52C8020421F9510D00E66A13;
					};
					52C8022621F9510F00E66A13 = {
						CreatedOnToolsVersion = 10.1;
						TestTargetID = 52C8020421F9510D00E66A13;
					};
				};
			};
			buildConfigurationList = 52C8020021F9510D00E66A13 /* Build configuration list for PBXProject "OW_Mobile" */;
			compatibilityVersion = "Xcode 9.3";
			developmentRegion = en;
			hasScannedForEncodings = 0;
			knownRegions = (
				en,
				Base,
			);
			mainGroup = 52C801FC21F9510D00E66A13;
			productRefGroup = 52C8020621F9510D00E66A13 /* Products */;
			projectDirPath = "";
			projectRoot = "";
			targets = (
				52C8020421F9510D00E66A13 /* OW_Mobile */,
				52C8021B21F9510F00E66A13 /* OW_MobileTests */,
				52C8022621F9510F00E66A13 /* OW_MobileUITests */,
			);
		};
/* End PBXProject section */

/* Begin PBXResourcesBuildPhase section */
		52C8020321F9510D00E66A13 /* Resources */ = {
			isa = PBXResourcesBuildPhase;
			buildActionMask = 2147483647;
			files = (
				52C8021621F9510F00E66A13 /* LaunchScreen.storyboard in Resources */,
				52C8021321F9510F00E66A13 /* Assets.xcassets in Resources */,
				52E18E4021FD3D4F006ED3DA /* LunarEclipse.jpg in Resources */,
				52C8020E21F9510D00E66A13 /* Main.storyboard in Resources */,
			);
			runOnlyForDeploymentPostprocessing = 0;
		};
		52C8021A21F9510F00E66A13 /* Resources */ = {
			isa = PBXResourcesBuildPhase;
			buildActionMask = 2147483647;
			files = (
			);
			runOnlyForDeploymentPostprocessing = 0;
		};
		52C8022521F9510F00E66A13 /* Resources */ = {
			isa = PBXResourcesBuildPhase;
			buildActionMask = 2147483647;
			files = (
			);
			runOnlyForDeploymentPostprocessing = 0;
		};
/* End PBXResourcesBuildPhase section */

/* Begin PBXSourcesBuildPhase section */
		52C8020121F9510D00E66A13 /* Sources */ = {
			isa = PBXSourcesBuildPhase;
			buildActionMask = 2147483647;
			files = (
				52C8021121F9510D00E66A13 /* OW_Mobile.xcdatamodeld in Sources */,
				5288B50E220A25C3000002C6 /* OWWebServiceHandler.swift in Sources */,
				5292753C220DD0CF009AD6D5 /* TabBarController.swift in Sources */,
				5288B50C220A258B000002C6 /* WebService.swift in Sources */,
				5287623D22024E1F00BDABEC /* OWCollectionViewCell.swift in Sources */,
				529AD05B2207C8BC001BEFC9 /* MyEventsCollectionViewCell.swift in Sources */,
				529AD0592207C576001BEFC9 /* MyEventsViewController.swift in Sources */,
				5287623F220266BB00BDABEC /* ReminderViewController.swift in Sources */,
				529D9CD82200061F002A3428 /* EventsController.swift in Sources */,
				5287622F2202107100BDABEC /* AccountViewController.swift in Sources */,
				52C8020921F9510D00E66A13 /* AppDelegate.swift in Sources */,
			);
			runOnlyForDeploymentPostprocessing = 0;
		};
		52C8021821F9510F00E66A13 /* Sources */ = {
			isa = PBXSourcesBuildPhase;
			buildActionMask = 2147483647;
			files = (
				52C8022121F9510F00E66A13 /* OW_MobileTests.swift in Sources */,
			);
			runOnlyForDeploymentPostprocessing = 0;
		};
		52C8022321F9510F00E66A13 /* Sources */ = {
			isa = PBXSourcesBuildPhase;
			buildActionMask = 2147483647;
			files = (
				52C8022C21F9510F00E66A13 /* OW_MobileUITests.swift in Sources */,
			);
			runOnlyForDeploymentPostprocessing = 0;
		};
/* End PBXSourcesBuildPhase section */

/* Begin PBXTargetDependency section */
		52C8021E21F9510F00E66A13 /* PBXTargetDependency */ = {
			isa = PBXTargetDependency;
			target = 52C8020421F9510D00E66A13 /* OW_Mobile */;
			targetProxy = 52C8021D21F9510F00E66A13 /* PBXContainerItemProxy */;
		};
		52C8022921F9510F00E66A13 /* PBXTargetDependency */ = {
			isa = PBXTargetDependency;
			target = 52C8020421F9510D00E66A13 /* OW_Mobile */;
			targetProxy = 52C8022821F9510F00E66A13 /* PBXContainerItemProxy */;
		};
/* End PBXTargetDependency section */

/* Begin PBXVariantGroup section */
		52C8020C21F9510D00E66A13 /* Main.storyboard */ = {
			isa = PBXVariantGroup;
			children = (
				52C8020D21F9510D00E66A13 /* Base */,
			);
			name = Main.storyboard;
			sourceTree = "<group>";
		};
		52C8021421F9510F00E66A13 /* LaunchScreen.storyboard */ = {
			isa = PBXVariantGroup;
			children = (
				52C8021521F9510F00E66A13 /* Base */,
			);
			name = LaunchScreen.storyboard;
			sourceTree = "<group>";
		};
/* End PBXVariantGroup section */

/* Begin XCBuildConfiguration section */
		52C8022E21F9510F00E66A13 /* Debug */ = {
			isa = XCBuildConfiguration;
			buildSettings = {
				ALWAYS_SEARCH_USER_PATHS = NO;
				CLANG_ANALYZER_NONNULL = YES;
				CLANG_ANALYZER_NUMBER_OBJECT_CONVERSION = YES_AGGRESSIVE;
				CLANG_CXX_LANGUAGE_STANDARD = "gnu++14";
				CLANG_CXX_LIBRARY = "libc++";
				CLANG_ENABLE_MODULES = YES;
				CLANG_ENABLE_OBJC_ARC = YES;
				CLANG_ENABLE_OBJC_WEAK = YES;
				CLANG_WARN_BLOCK_CAPTURE_AUTORELEASING = YES;
				CLANG_WARN_BOOL_CONVERSION = YES;
				CLANG_WARN_COMMA = YES;
				CLANG_WARN_CONSTANT_CONVERSION = YES;
				CLANG_WARN_DEPRECATED_OBJC_IMPLEMENTATIONS = YES;
				CLANG_WARN_DIRECT_OBJC_ISA_USAGE = YES_ERROR;
				CLANG_WARN_DOCUMENTATION_COMMENTS = YES;
				CLANG_WARN_EMPTY_BODY = YES;
				CLANG_WARN_ENUM_CONVERSION = YES;
				CLANG_WARN_INFINITE_RECURSION = YES;
				CLANG_WARN_INT_CONVERSION = YES;
				CLANG_WARN_NON_LITERAL_NULL_CONVERSION = YES;
				CLANG_WARN_OBJC_IMPLICIT_RETAIN_SELF = YES;
				CLANG_WARN_OBJC_LITERAL_CONVERSION = YES;
				CLANG_WARN_OBJC_ROOT_CLASS = YES_ERROR;
				CLANG_WARN_RANGE_LOOP_ANALYSIS = YES;
				CLANG_WARN_STRICT_PROTOTYPES = YES;
				CLANG_WARN_SUSPICIOUS_MOVE = YES;
				CLANG_WARN_UNGUARDED_AVAILABILITY = YES_AGGRESSIVE;
				CLANG_WARN_UNREACHABLE_CODE = YES;
				CLANG_WARN__DUPLICATE_METHOD_MATCH = YES;
				CODE_SIGN_IDENTITY = "iPhone Developer";
				COPY_PHASE_STRIP = NO;
				DEBUG_INFORMATION_FORMAT = dwarf;
				ENABLE_STRICT_OBJC_MSGSEND = YES;
				ENABLE_TESTABILITY = YES;
				GCC_C_LANGUAGE_STANDARD = gnu11;
				GCC_DYNAMIC_NO_PIC = NO;
				GCC_NO_COMMON_BLOCKS = YES;
				GCC_OPTIMIZATION_LEVEL = 0;
				GCC_PREPROCESSOR_DEFINITIONS = (
					"DEBUG=1",
					"$(inherited)",
				);
				GCC_WARN_64_TO_32_BIT_CONVERSION = YES;
				GCC_WARN_ABOUT_RETURN_TYPE = YES_ERROR;
				GCC_WARN_UNDECLARED_SELECTOR = YES;
				GCC_WARN_UNINITIALIZED_AUTOS = YES_AGGRESSIVE;
				GCC_WARN_UNUSED_FUNCTION = YES;
				GCC_WARN_UNUSED_VARIABLE = YES;
				IPHONEOS_DEPLOYMENT_TARGET = 10.0;
				MTL_ENABLE_DEBUG_INFO = INCLUDE_SOURCE;
				MTL_FAST_MATH = YES;
				ONLY_ACTIVE_ARCH = YES;
				SDKROOT = iphoneos;
				SWIFT_ACTIVE_COMPILATION_CONDITIONS = DEBUG;
				SWIFT_OPTIMIZATION_LEVEL = "-Onone";
			};
			name = Debug;
		};
		52C8022F21F9510F00E66A13 /* Release */ = {
			isa = XCBuildConfiguration;
			buildSettings = {
				ALWAYS_SEARCH_USER_PATHS = NO;
				CLANG_ANALYZER_NONNULL = YES;
				CLANG_ANALYZER_NUMBER_OBJECT_CONVERSION = YES_AGGRESSIVE;
				CLANG_CXX_LANGUAGE_STANDARD = "gnu++14";
				CLANG_CXX_LIBRARY = "libc++";
				CLANG_ENABLE_MODULES = YES;
				CLANG_ENABLE_OBJC_ARC = YES;
				CLANG_ENABLE_OBJC_WEAK = YES;
				CLANG_WARN_BLOCK_CAPTURE_AUTORELEASING = YES;
				CLANG_WARN_BOOL_CONVERSION = YES;
				CLANG_WARN_COMMA = YES;
				CLANG_WARN_CONSTANT_CONVERSION = YES;
				CLANG_WARN_DEPRECATED_OBJC_IMPLEMENTATIONS = YES;
				CLANG_WARN_DIRECT_OBJC_ISA_USAGE = YES_ERROR;
				CLANG_WARN_DOCUMENTATION_COMMENTS = YES;
				CLANG_WARN_EMPTY_BODY = YES;
				CLANG_WARN_ENUM_CONVERSION = YES;
				CLANG_WARN_INFINITE_RECURSION = YES;
				CLANG_WARN_INT_CONVERSION = YES;
				CLANG_WARN_NON_LITERAL_NULL_CONVERSION = YES;
				CLANG_WARN_OBJC_IMPLICIT_RETAIN_SELF = YES;
				CLANG_WARN_OBJC_LITERAL_CONVERSION = YES;
				CLANG_WARN_OBJC_ROOT_CLASS = YES_ERROR;
				CLANG_WARN_RANGE_LOOP_ANALYSIS = YES;
				CLANG_WARN_STRICT_PROTOTYPES = YES;
				CLANG_WARN_SUSPICIOUS_MOVE = YES;
				CLANG_WARN_UNGUARDED_AVAILABILITY = YES_AGGRESSIVE;
				CLANG_WARN_UNREACHABLE_CODE = YES;
				CLANG_WARN__DUPLICATE_METHOD_MATCH = YES;
				CODE_SIGN_IDENTITY = "iPhone Developer";
				COPY_PHASE_STRIP = NO;
				DEBUG_INFORMATION_FORMAT = "dwarf-with-dsym";
				ENABLE_NS_ASSERTIONS = NO;
				ENABLE_STRICT_OBJC_MSGSEND = YES;
				GCC_C_LANGUAGE_STANDARD = gnu11;
				GCC_NO_COMMON_BLOCKS = YES;
				GCC_WARN_64_TO_32_BIT_CONVERSION = YES;
				GCC_WARN_ABOUT_RETURN_TYPE = YES_ERROR;
				GCC_WARN_UNDECLARED_SELECTOR = YES;
				GCC_WARN_UNINITIALIZED_AUTOS = YES_AGGRESSIVE;
				GCC_WARN_UNUSED_FUNCTION = YES;
				GCC_WARN_UNUSED_VARIABLE = YES;
				IPHONEOS_DEPLOYMENT_TARGET = 10.0;
				MTL_ENABLE_DEBUG_INFO = NO;
				MTL_FAST_MATH = YES;
				SDKROOT = iphoneos;
				SWIFT_COMPILATION_MODE = wholemodule;
				SWIFT_OPTIMIZATION_LEVEL = "-O";
				VALIDATE_PRODUCT = YES;
			};
			name = Release;
		};
		52C8023121F9510F00E66A13 /* Debug */ = {
			isa = XCBuildConfiguration;
			buildSettings = {
				ASSETCATALOG_COMPILER_APPICON_NAME = AppIcon;
				CODE_SIGN_STYLE = Automatic;
				DEVELOPMENT_TEAM = 4SN5N2TAC2;
				INFOPLIST_FILE = OW_Mobile/Info.plist;
				LD_RUNPATH_SEARCH_PATHS = (
					"$(inherited)",
					"@executable_path/Frameworks",
				);
				PRODUCT_BUNDLE_IDENTIFIER = "com.keplertech.OW-Mobile";
				PRODUCT_NAME = "$(TARGET_NAME)";
				SWIFT_VERSION = 4.2;
				TARGETED_DEVICE_FAMILY = "1,2";
			};
			name = Debug;
		};
		52C8023221F9510F00E66A13 /* Release */ = {
			isa = XCBuildConfiguration;
			buildSettings = {
				ASSETCATALOG_COMPILER_APPICON_NAME = AppIcon;
				CODE_SIGN_STYLE = Automatic;
				DEVELOPMENT_TEAM = 4SN5N2TAC2;
				INFOPLIST_FILE = OW_Mobile/Info.plist;
				LD_RUNPATH_SEARCH_PATHS = (
					"$(inherited)",
					"@executable_path/Frameworks",
				);
				PRODUCT_BUNDLE_IDENTIFIER = "com.keplertech.OW-Mobile";
				PRODUCT_NAME = "$(TARGET_NAME)";
				SWIFT_VERSION = 4.2;
				TARGETED_DEVICE_FAMILY = "1,2";
			};
			name = Release;
		};
		52C8023421F9510F00E66A13 /* Debug */ = {
			isa = XCBuildConfiguration;
			buildSettings = {
				ALWAYS_EMBED_SWIFT_STANDARD_LIBRARIES = YES;
				BUNDLE_LOADER = "$(TEST_HOST)";
				CODE_SIGN_STYLE = Automatic;
				DEVELOPMENT_TEAM = 4SN5N2TAC2;
				INFOPLIST_FILE = OW_MobileTests/Info.plist;
				LD_RUNPATH_SEARCH_PATHS = (
					"$(inherited)",
					"@executable_path/Frameworks",
					"@loader_path/Frameworks",
				);
				PRODUCT_BUNDLE_IDENTIFIER = "com.keplertech.OW-MobileTests";
				PRODUCT_NAME = "$(TARGET_NAME)";
				SWIFT_VERSION = 4.2;
				TARGETED_DEVICE_FAMILY = "1,2";
				TEST_HOST = "$(BUILT_PRODUCTS_DIR)/OW_Mobile.app/OW_Mobile";
			};
			name = Debug;
		};
		52C8023521F9510F00E66A13 /* Release */ = {
			isa = XCBuildConfiguration;
			buildSettings = {
				ALWAYS_EMBED_SWIFT_STANDARD_LIBRARIES = YES;
				BUNDLE_LOADER = "$(TEST_HOST)";
				CODE_SIGN_STYLE = Automatic;
				DEVELOPMENT_TEAM = 4SN5N2TAC2;
				INFOPLIST_FILE = OW_MobileTests/Info.plist;
				LD_RUNPATH_SEARCH_PATHS = (
					"$(inherited)",
					"@executable_path/Frameworks",
					"@loader_path/Frameworks",
				);
				PRODUCT_BUNDLE_IDENTIFIER = "com.keplertech.OW-MobileTests";
				PRODUCT_NAME = "$(TARGET_NAME)";
				SWIFT_VERSION = 4.2;
				TARGETED_DEVICE_FAMILY = "1,2";
				TEST_HOST = "$(BUILT_PRODUCTS_DIR)/OW_Mobile.app/OW_Mobile";
			};
			name = Release;
		};
		52C8023721F9510F00E66A13 /* Debug */ = {
			isa = XCBuildConfiguration;
			buildSettings = {
				ALWAYS_EMBED_SWIFT_STANDARD_LIBRARIES = YES;
				CODE_SIGN_STYLE = Automatic;
				DEVELOPMENT_TEAM = 4SN5N2TAC2;
				INFOPLIST_FILE = OW_MobileUITests/Info.plist;
				LD_RUNPATH_SEARCH_PATHS = (
					"$(inherited)",
					"@executable_path/Frameworks",
					"@loader_path/Frameworks",
				);
				PRODUCT_BUNDLE_IDENTIFIER = "com.keplertech.OW-MobileUITests";
				PRODUCT_NAME = "$(TARGET_NAME)";
				SWIFT_VERSION = 4.2;
				TARGETED_DEVICE_FAMILY = "1,2";
				TEST_TARGET_NAME = OW_Mobile;
			};
			name = Debug;
		};
		52C8023821F9510F00E66A13 /* Release */ = {
			isa = XCBuildConfiguration;
			buildSettings = {
				ALWAYS_EMBED_SWIFT_STANDARD_LIBRARIES = YES;
				CODE_SIGN_STYLE = Automatic;
				DEVELOPMENT_TEAM = 4SN5N2TAC2;
				INFOPLIST_FILE = OW_MobileUITests/Info.plist;
				LD_RUNPATH_SEARCH_PATHS = (
					"$(inherited)",
					"@executable_path/Frameworks",
					"@loader_path/Frameworks",
				);
				PRODUCT_BUNDLE_IDENTIFIER = "com.keplertech.OW-MobileUITests";
				PRODUCT_NAME = "$(TARGET_NAME)";
				SWIFT_VERSION = 4.2;
				TARGETED_DEVICE_FAMILY = "1,2";
				TEST_TARGET_NAME = OW_Mobile;
			};
			name = Release;
		};
/* End XCBuildConfiguration section */

/* Begin XCConfigurationList section */
		52C8020021F9510D00E66A13 /* Build configuration list for PBXProject "OW_Mobile" */ = {
			isa = XCConfigurationList;
			buildConfigurations = (
				52C8022E21F9510F00E66A13 /* Debug */,
				52C8022F21F9510F00E66A13 /* Release */,
			);
			defaultConfigurationIsVisible = 0;
			defaultConfigurationName = Release;
		};
		52C8023021F9510F00E66A13 /* Build configuration list for PBXNativeTarget "OW_Mobile" */ = {
			isa = XCConfigurationList;
			buildConfigurations = (
				52C8023121F9510F00E66A13 /* Debug */,
				52C8023221F9510F00E66A13 /* Release */,
			);
			defaultConfigurationIsVisible = 0;
			defaultConfigurationName = Release;
		};
		52C8023321F9510F00E66A13 /* Build configuration list for PBXNativeTarget "OW_MobileTests" */ = {
			isa = XCConfigurationList;
			buildConfigurations = (
				52C8023421F9510F00E66A13 /* Debug */,
				52C8023521F9510F00E66A13 /* Release */,
			);
			defaultConfigurationIsVisible = 0;
			defaultConfigurationName = Release;
		};
		52C8023621F9510F00E66A13 /* Build configuration list for PBXNativeTarget "OW_MobileUITests" */ = {
			isa = XCConfigurationList;
			buildConfigurations = (
				52C8023721F9510F00E66A13 /* Debug */,
				52C8023821F9510F00E66A13 /* Release */,
			);
			defaultConfigurationIsVisible = 0;
			defaultConfigurationName = Release;
		};
/* End XCConfigurationList section */

/* Begin XCVersionGroup section */
		52C8020F21F9510D00E66A13 /* OW_Mobile.xcdatamodeld */ = {
			isa = XCVersionGroup;
			children = (
				52C8021021F9510D00E66A13 /* OW_Mobile.xcdatamodel */,
			);
			currentVersion = 52C8021021F9510D00E66A13 /* OW_Mobile.xcdatamodel */;
			path = OW_Mobile.xcdatamodeld;
			sourceTree = "<group>";
			versionGroupType = wrapper.xcdatamodel;
		};
/* End XCVersionGroup section */
	};
	rootObject = 52C801FD21F9510D00E66A13 /* Project object */;
}
